
Microsoft Visual Studio Solution File, Format Version 12.00
# Visual Studio Version 17
VisualStudioVersion = 17.1.32210.238
MinimumVisualStudioVersion = 10.0.40219.1
Project("{9A19103F-16F7-4668-BE54-9A1E7A4F7556}") = "U2.Core", "U2Suite\U2.Core\U2.Core.csproj", "{A7CDA8DB-B1E4-4EFE-A4FA-D04E5518CC42}"
EndProject
Project("{9A19103F-16F7-4668-BE54-9A1E7A4F7556}") = "U2.Contracts", "U2Suite\U2.Contracts\U2.Contracts.csproj", "{BBB36511-D480-4026-A6AE-76EC906663D5}"
EndProject
Project("{2150E333-8FDC-42A3-9474-1A3956D46DE8}") = "Common", "Common", "{E0104E5F-6C0E-4CA5-BA0E-37B2B3CC13D6}"
EndProject
Project("{9A19103F-16F7-4668-BE54-9A1E7A4F7556}") = "U2.Resources", "U2Suite\U2.Resources\U2.Resources.csproj", "{F6ADFFCB-DC0E-413A-868C-015B91FF460F}"
EndProject
Project("{2150E333-8FDC-42A3-9474-1A3956D46DE8}") = "Applications", "Applications", "{2D0CB1BE-6DF0-46C8-96AD-4F67892F1BE7}"
EndProject
Project("{9A19103F-16F7-4668-BE54-9A1E7A4F7556}") = "U2.Suite", "U2Suite\U2.Suite\U2.Suite.csproj", "{E340F713-7B69-4404-8155-5CB332A850E3}"
EndProject
Project("{9A19103F-16F7-4668-BE54-9A1E7A4F7556}") = "U2.QslManager", "U2Suite\U2.QslManager\U2.QslManager.csproj", "{497F1843-D59F-4B6B-A496-338FFDFE59C8}"
EndProject
Project("{2150E333-8FDC-42A3-9474-1A3956D46DE8}") = "Tests", "Tests", "{F143727F-0A40-4750-BBA0-D84D5A502A43}"
EndProject
Project("{9A19103F-16F7-4668-BE54-9A1E7A4F7556}") = "U2.Suite.Tests", "U2Suite\U2.Suite.Tests\U2.Suite.Tests.csproj", "{91476E8A-B4D2-4824-AE84-E7ADD3C09E43}"
EndProject
Project("{2150E333-8FDC-42A3-9474-1A3956D46DE8}") = "ThirdParty", "ThirdParty", "{0C64A771-06A2-4D4A-90FC-1A1F79E3B59C}"
EndProject
Project("{9A19103F-16F7-4668-BE54-9A1E7A4F7556}") = "AvaloniaEdit.TextMate", "ThirdParty\AvaloniaEdit.TextMate\AvaloniaEdit.TextMate.csproj", "{CA36964B-431C-46CF-8197-B62F87324604}"
EndProject
Project("{9A19103F-16F7-4668-BE54-9A1E7A4F7556}") = "AvaloniaEdit.Editor", "ThirdParty\AvaloniaEdit.Editor\AvaloniaEdit.Editor.csproj", "{07AF5CB5-94A4-4EA5-A995-F451634BCE43}"
EndProject
Project("{9A19103F-16F7-4668-BE54-9A1E7A4F7556}") = "U2.CommonControls", "U2Suite\U2.CommonControls\U2.CommonControls.csproj", "{5D03D1E9-01C0-41EF-9DDD-C311EB582874}"
EndProject
Project("{9A19103F-16F7-4668-BE54-9A1E7A4F7556}") = "U2.Library", "U2Suite\U2.Library\U2.Library.csproj", "{A3558641-98A3-40A1-8339-B20D13120FAC}"
EndProject
Project("{9A19103F-16F7-4668-BE54-9A1E7A4F7556}") = "U2.Logger", "U2Suite\U2.Logger\U2.Logger.csproj", "{9CEA0E0E-0EEB-49E3-8877-89CFF4B51CFE}"
EndProject
Project("{9A19103F-16F7-4668-BE54-9A1E7A4F7556}") = "U2.Logger.Tests", "U2Suite\U2.Logger.Tests\U2.Logger.Tests.csproj", "{CA33D167-D60D-43E0-A6C7-E99FA29DCE1C}"
EndProject
Project("{9A19103F-16F7-4668-BE54-9A1E7A4F7556}") = "U2.Tests.Common", "U2Suite\U2.Tests.Common\U2.Tests.Common.csproj", "{BA5EEAA3-47C7-4DD5-8B6A-B86F7D654712}"
EndProject
Project("{9A19103F-16F7-4668-BE54-9A1E7A4F7556}") = "U2.MultiRig", "U2Suite\U2.MultiRig\U2.MultiRig.csproj", "{07B2C3AB-6705-45CD-A883-E9D0D2556C0E}"
EndProject
Project("{9A19103F-16F7-4668-BE54-9A1E7A4F7556}") = "U2.MultiRig.Tests", "U2Suite\U2.MultiRig.Tests\U2.MultiRig.Tests.csproj", "{F39E8384-164E-4D16-8FAB-03725EBB5193}"
EndProject
Project("{9A19103F-16F7-4668-BE54-9A1E7A4F7556}") = "U2.MultiRig.Utils", "U2Suite\U2.MultiRig.Utils\U2.MultiRig.Utils.csproj", "{C5255317-85A3-4357-AC3C-53D45DC30A65}"
EndProject
Project("{2150E333-8FDC-42A3-9474-1A3956D46DE8}") = "Logger", "Logger", "{B32E844E-1D71-43DE-B934-C8562413DDEC}"
EndProject
Project("{2150E333-8FDC-42A3-9474-1A3956D46DE8}") = "Library", "Library", "{EAD8DE11-EEF1-411E-BBE1-9EEC6DC1721E}"
EndProject
Project("{2150E333-8FDC-42A3-9474-1A3956D46DE8}") = "Suite", "Suite", "{5AA52E0B-F852-48B1-B3F1-3058053A3C77}"
EndProject
Project("{2150E333-8FDC-42A3-9474-1A3956D46DE8}") = "MultiRig", "MultiRig", "{FAA89451-6963-415F-A991-BC2E91104247}"
EndProject
Project("{9A19103F-16F7-4668-BE54-9A1E7A4F7556}") = "U2.MultiRig.Demo", "U2Suite\U2.MultiRig.Demo\U2.MultiRig.Demo.csproj", "{4DA0FFE9-31B3-478E-8E6F-9D07318ED3BA}"
EndProject
Project("{2150E333-8FDC-42A3-9474-1A3956D46DE8}") = "Documentation", "Documentation", "{7B67A45A-7517-43AC-B62A-D5543A3352B5}"
EndProject
Project("{2150E333-8FDC-42A3-9474-1A3956D46DE8}") = "U2.MultiRig", "U2.MultiRig", "{4AB9E742-EC48-4789-AB32-8BA25FEED600}"
	ProjectSection(SolutionItems) = preProject
		..\Documentation\U2.MultiRig\Protocol.md = ..\Documentation\U2.MultiRig\Protocol.md
		..\Documentation\U2.MultiRig\UdpCommands.md = ..\Documentation\U2.MultiRig\UdpCommands.md
		..\Documentation\U2.MultiRig\UdpParameters.md = ..\Documentation\U2.MultiRig\UdpParameters.md
	EndProjectSection
EndProject
Project("{9A19103F-16F7-4668-BE54-9A1E7A4F7556}") = "U2.MultiRig.Emulators", "U2Suite\U2.MultiRig.Emulators\U2.MultiRig.Emulators.csproj", "{2D76143A-F796-40D9-8B60-11FE5C1FC8F7}"
EndProject
Global
	GlobalSection(SolutionConfigurationPlatforms) = preSolution
		Debug|Any CPU = Debug|Any CPU
		Release|Any CPU = Release|Any CPU
	EndGlobalSection
	GlobalSection(ProjectConfigurationPlatforms) = postSolution
		{A7CDA8DB-B1E4-4EFE-A4FA-D04E5518CC42}.Debug|Any CPU.ActiveCfg = Debug|Any CPU
		{A7CDA8DB-B1E4-4EFE-A4FA-D04E5518CC42}.Debug|Any CPU.Build.0 = Debug|Any CPU
		{A7CDA8DB-B1E4-4EFE-A4FA-D04E5518CC42}.Release|Any CPU.ActiveCfg = Release|Any CPU
		{A7CDA8DB-B1E4-4EFE-A4FA-D04E5518CC42}.Release|Any CPU.Build.0 = Release|Any CPU
		{BBB36511-D480-4026-A6AE-76EC906663D5}.Debug|Any CPU.ActiveCfg = Debug|Any CPU
		{BBB36511-D480-4026-A6AE-76EC906663D5}.Debug|Any CPU.Build.0 = Debug|Any CPU
		{BBB36511-D480-4026-A6AE-76EC906663D5}.Release|Any CPU.ActiveCfg = Release|Any CPU
		{BBB36511-D480-4026-A6AE-76EC906663D5}.Release|Any CPU.Build.0 = Release|Any CPU
		{F6ADFFCB-DC0E-413A-868C-015B91FF460F}.Debug|Any CPU.ActiveCfg = Debug|Any CPU
		{F6ADFFCB-DC0E-413A-868C-015B91FF460F}.Debug|Any CPU.Build.0 = Debug|Any CPU
		{F6ADFFCB-DC0E-413A-868C-015B91FF460F}.Release|Any CPU.ActiveCfg = Release|Any CPU
		{F6ADFFCB-DC0E-413A-868C-015B91FF460F}.Release|Any CPU.Build.0 = Release|Any CPU
		{E340F713-7B69-4404-8155-5CB332A850E3}.Debug|Any CPU.ActiveCfg = Debug|Any CPU
		{E340F713-7B69-4404-8155-5CB332A850E3}.Debug|Any CPU.Build.0 = Debug|Any CPU
		{E340F713-7B69-4404-8155-5CB332A850E3}.Release|Any CPU.ActiveCfg = Release|Any CPU
		{E340F713-7B69-4404-8155-5CB332A850E3}.Release|Any CPU.Build.0 = Release|Any CPU
		{497F1843-D59F-4B6B-A496-338FFDFE59C8}.Debug|Any CPU.ActiveCfg = Debug|Any CPU
		{497F1843-D59F-4B6B-A496-338FFDFE59C8}.Debug|Any CPU.Build.0 = Debug|Any CPU
		{497F1843-D59F-4B6B-A496-338FFDFE59C8}.Release|Any CPU.ActiveCfg = Release|Any CPU
		{497F1843-D59F-4B6B-A496-338FFDFE59C8}.Release|Any CPU.Build.0 = Release|Any CPU
		{91476E8A-B4D2-4824-AE84-E7ADD3C09E43}.Debug|Any CPU.ActiveCfg = Debug|Any CPU
		{91476E8A-B4D2-4824-AE84-E7ADD3C09E43}.Debug|Any CPU.Build.0 = Debug|Any CPU
		{91476E8A-B4D2-4824-AE84-E7ADD3C09E43}.Release|Any CPU.ActiveCfg = Release|Any CPU
		{91476E8A-B4D2-4824-AE84-E7ADD3C09E43}.Release|Any CPU.Build.0 = Release|Any CPU
		{CA36964B-431C-46CF-8197-B62F87324604}.Debug|Any CPU.ActiveCfg = Debug|Any CPU
		{CA36964B-431C-46CF-8197-B62F87324604}.Debug|Any CPU.Build.0 = Debug|Any CPU
		{CA36964B-431C-46CF-8197-B62F87324604}.Release|Any CPU.ActiveCfg = Release|Any CPU
		{CA36964B-431C-46CF-8197-B62F87324604}.Release|Any CPU.Build.0 = Release|Any CPU
		{07AF5CB5-94A4-4EA5-A995-F451634BCE43}.Debug|Any CPU.ActiveCfg = Debug|Any CPU
		{07AF5CB5-94A4-4EA5-A995-F451634BCE43}.Debug|Any CPU.Build.0 = Debug|Any CPU
		{07AF5CB5-94A4-4EA5-A995-F451634BCE43}.Release|Any CPU.ActiveCfg = Release|Any CPU
		{07AF5CB5-94A4-4EA5-A995-F451634BCE43}.Release|Any CPU.Build.0 = Release|Any CPU
		{5D03D1E9-01C0-41EF-9DDD-C311EB582874}.Debug|Any CPU.ActiveCfg = Debug|Any CPU
		{5D03D1E9-01C0-41EF-9DDD-C311EB582874}.Debug|Any CPU.Build.0 = Debug|Any CPU
		{5D03D1E9-01C0-41EF-9DDD-C311EB582874}.Release|Any CPU.ActiveCfg = Release|Any CPU
		{5D03D1E9-01C0-41EF-9DDD-C311EB582874}.Release|Any CPU.Build.0 = Release|Any CPU
		{A3558641-98A3-40A1-8339-B20D13120FAC}.Debug|Any CPU.ActiveCfg = Debug|Any CPU
		{A3558641-98A3-40A1-8339-B20D13120FAC}.Debug|Any CPU.Build.0 = Debug|Any CPU
		{A3558641-98A3-40A1-8339-B20D13120FAC}.Release|Any CPU.ActiveCfg = Release|Any CPU
		{A3558641-98A3-40A1-8339-B20D13120FAC}.Release|Any CPU.Build.0 = Release|Any CPU
		{9CEA0E0E-0EEB-49E3-8877-89CFF4B51CFE}.Debug|Any CPU.ActiveCfg = Debug|Any CPU
		{9CEA0E0E-0EEB-49E3-8877-89CFF4B51CFE}.Debug|Any CPU.Build.0 = Debug|Any CPU
		{9CEA0E0E-0EEB-49E3-8877-89CFF4B51CFE}.Release|Any CPU.ActiveCfg = Release|Any CPU
		{9CEA0E0E-0EEB-49E3-8877-89CFF4B51CFE}.Release|Any CPU.Build.0 = Release|Any CPU
		{CA33D167-D60D-43E0-A6C7-E99FA29DCE1C}.Debug|Any CPU.ActiveCfg = Debug|Any CPU
		{CA33D167-D60D-43E0-A6C7-E99FA29DCE1C}.Debug|Any CPU.Build.0 = Debug|Any CPU
		{CA33D167-D60D-43E0-A6C7-E99FA29DCE1C}.Release|Any CPU.ActiveCfg = Release|Any CPU
		{CA33D167-D60D-43E0-A6C7-E99FA29DCE1C}.Release|Any CPU.Build.0 = Release|Any CPU
		{BA5EEAA3-47C7-4DD5-8B6A-B86F7D654712}.Debug|Any CPU.ActiveCfg = Debug|Any CPU
		{BA5EEAA3-47C7-4DD5-8B6A-B86F7D654712}.Debug|Any CPU.Build.0 = Debug|Any CPU
		{BA5EEAA3-47C7-4DD5-8B6A-B86F7D654712}.Release|Any CPU.ActiveCfg = Release|Any CPU
		{BA5EEAA3-47C7-4DD5-8B6A-B86F7D654712}.Release|Any CPU.Build.0 = Release|Any CPU
		{07B2C3AB-6705-45CD-A883-E9D0D2556C0E}.Debug|Any CPU.ActiveCfg = Debug|Any CPU
		{07B2C3AB-6705-45CD-A883-E9D0D2556C0E}.Debug|Any CPU.Build.0 = Debug|Any CPU
		{07B2C3AB-6705-45CD-A883-E9D0D2556C0E}.Release|Any CPU.ActiveCfg = Release|Any CPU
		{07B2C3AB-6705-45CD-A883-E9D0D2556C0E}.Release|Any CPU.Build.0 = Release|Any CPU
		{F39E8384-164E-4D16-8FAB-03725EBB5193}.Debug|Any CPU.ActiveCfg = Debug|Any CPU
		{F39E8384-164E-4D16-8FAB-03725EBB5193}.Debug|Any CPU.Build.0 = Debug|Any CPU
		{F39E8384-164E-4D16-8FAB-03725EBB5193}.Release|Any CPU.ActiveCfg = Release|Any CPU
		{F39E8384-164E-4D16-8FAB-03725EBB5193}.Release|Any CPU.Build.0 = Release|Any CPU
		{C5255317-85A3-4357-AC3C-53D45DC30A65}.Debug|Any CPU.ActiveCfg = Debug|Any CPU
		{C5255317-85A3-4357-AC3C-53D45DC30A65}.Debug|Any CPU.Build.0 = Debug|Any CPU
		{C5255317-85A3-4357-AC3C-53D45DC30A65}.Release|Any CPU.ActiveCfg = Release|Any CPU
		{C5255317-85A3-4357-AC3C-53D45DC30A65}.Release|Any CPU.Build.0 = Release|Any CPU
		{4DA0FFE9-31B3-478E-8E6F-9D07318ED3BA}.Debug|Any CPU.ActiveCfg = Debug|Any CPU
		{4DA0FFE9-31B3-478E-8E6F-9D07318ED3BA}.Debug|Any CPU.Build.0 = Debug|Any CPU
		{4DA0FFE9-31B3-478E-8E6F-9D07318ED3BA}.Release|Any CPU.ActiveCfg = Release|Any CPU
		{4DA0FFE9-31B3-478E-8E6F-9D07318ED3BA}.Release|Any CPU.Build.0 = Release|Any CPU
		{2D76143A-F796-40D9-8B60-11FE5C1FC8F7}.Debug|Any CPU.ActiveCfg = Debug|Any CPU
		{2D76143A-F796-40D9-8B60-11FE5C1FC8F7}.Debug|Any CPU.Build.0 = Debug|Any CPU
		{2D76143A-F796-40D9-8B60-11FE5C1FC8F7}.Release|Any CPU.ActiveCfg = Release|Any CPU
		{2D76143A-F796-40D9-8B60-11FE5C1FC8F7}.Release|Any CPU.Build.0 = Release|Any CPU
	EndGlobalSection
	GlobalSection(SolutionProperties) = preSolution
		HideSolutionNode = FALSE
	EndGlobalSection
	GlobalSection(NestedProjects) = preSolution
		{A7CDA8DB-B1E4-4EFE-A4FA-D04E5518CC42} = {E0104E5F-6C0E-4CA5-BA0E-37B2B3CC13D6}
		{BBB36511-D480-4026-A6AE-76EC906663D5} = {E0104E5F-6C0E-4CA5-BA0E-37B2B3CC13D6}
		{F6ADFFCB-DC0E-413A-868C-015B91FF460F} = {E0104E5F-6C0E-4CA5-BA0E-37B2B3CC13D6}
		{E340F713-7B69-4404-8155-5CB332A850E3} = {5AA52E0B-F852-48B1-B3F1-3058053A3C77}
		{497F1843-D59F-4B6B-A496-338FFDFE59C8} = {2D0CB1BE-6DF0-46C8-96AD-4F67892F1BE7}
		{91476E8A-B4D2-4824-AE84-E7ADD3C09E43} = {5AA52E0B-F852-48B1-B3F1-3058053A3C77}
		{CA36964B-431C-46CF-8197-B62F87324604} = {0C64A771-06A2-4D4A-90FC-1A1F79E3B59C}
		{07AF5CB5-94A4-4EA5-A995-F451634BCE43} = {0C64A771-06A2-4D4A-90FC-1A1F79E3B59C}
		{5D03D1E9-01C0-41EF-9DDD-C311EB582874} = {E0104E5F-6C0E-4CA5-BA0E-37B2B3CC13D6}
		{A3558641-98A3-40A1-8339-B20D13120FAC} = {EAD8DE11-EEF1-411E-BBE1-9EEC6DC1721E}
		{9CEA0E0E-0EEB-49E3-8877-89CFF4B51CFE} = {B32E844E-1D71-43DE-B934-C8562413DDEC}
		{CA33D167-D60D-43E0-A6C7-E99FA29DCE1C} = {B32E844E-1D71-43DE-B934-C8562413DDEC}
		{BA5EEAA3-47C7-4DD5-8B6A-B86F7D654712} = {F143727F-0A40-4750-BBA0-D84D5A502A43}
		{07B2C3AB-6705-45CD-A883-E9D0D2556C0E} = {FAA89451-6963-415F-A991-BC2E91104247}
		{F39E8384-164E-4D16-8FAB-03725EBB5193} = {FAA89451-6963-415F-A991-BC2E91104247}
		{C5255317-85A3-4357-AC3C-53D45DC30A65} = {FAA89451-6963-415F-A991-BC2E91104247}
		{B32E844E-1D71-43DE-B934-C8562413DDEC} = {2D0CB1BE-6DF0-46C8-96AD-4F67892F1BE7}
		{EAD8DE11-EEF1-411E-BBE1-9EEC6DC1721E} = {2D0CB1BE-6DF0-46C8-96AD-4F67892F1BE7}
		{5AA52E0B-F852-48B1-B3F1-3058053A3C77} = {2D0CB1BE-6DF0-46C8-96AD-4F67892F1BE7}
		{FAA89451-6963-415F-A991-BC2E91104247} = {2D0CB1BE-6DF0-46C8-96AD-4F67892F1BE7}
		{4DA0FFE9-31B3-478E-8E6F-9D07318ED3BA} = {FAA89451-6963-415F-A991-BC2E91104247}
		{4AB9E742-EC48-4789-AB32-8BA25FEED600} = {7B67A45A-7517-43AC-B62A-D5543A3352B5}
		{2D76143A-F796-40D9-8B60-11FE5C1FC8F7} = {FAA89451-6963-415F-A991-BC2E91104247}
	EndGlobalSection
	GlobalSection(ExtensibilityGlobals) = postSolution
		SolutionGuid = {E8720C83-17E2-4C14-AFA9-CAAD4F71F4D6}
	EndGlobalSection
EndGlobal
