
Microsoft Visual Studio Solution File, Format Version 12.00
# Visual Studio Version 17
VisualStudioVersion = 17.1.32210.238
MinimumVisualStudioVersion = 10.0.40219.1
Project("{9A19103F-16F7-4668-BE54-9A1E7A4F7556}") = "U2.Core", "U2Suite\U2.Core\U2.Core.csproj", "{A7CDA8DB-B1E4-4EFE-A4FA-D04E5518CC42}"
EndProject
Project("{9A19103F-16F7-4668-BE54-9A1E7A4F7556}") = "U2.Contracts", "U2Suite\U2.Contracts\U2.Contracts.csproj", "{BBB36511-D480-4026-A6AE-76EC906663D5}"
EndProject
Project("{2150E333-8FDC-42A3-9474-1A3956D46DE8}") = "Common", "Common", "{E0104E5F-6C0E-4CA5-BA0E-37B2B3CC13D6}"
EndProject
Project("{9A19103F-16F7-4668-BE54-9A1E7A4F7556}") = "U2.Resources", "U2Suite\U2.Resources\U2.Resources.csproj", "{F6ADFFCB-DC0E-413A-868C-015B91FF460F}"
EndProject
Project("{2150E333-8FDC-42A3-9474-1A3956D46DE8}") = "Applications", "Applications", "{2D0CB1BE-6DF0-46C8-96AD-4F67892F1BE7}"
EndProject
Project("{2150E333-8FDC-42A3-9474-1A3956D46DE8}") = "Tests", "Tests", "{F143727F-0A40-4750-BBA0-D84D5A502A43}"
EndProject
Project("{2150E333-8FDC-42A3-9474-1A3956D46DE8}") = "ThirdParty", "ThirdParty", "{0C64A771-06A2-4D4A-90FC-1A1F79E3B59C}"
EndProject
Project("{9A19103F-16F7-4668-BE54-9A1E7A4F7556}") = "U2.CommonControls", "U2Suite\U2.CommonControls\U2.CommonControls.csproj", "{5D03D1E9-01C0-41EF-9DDD-C311EB582874}"
EndProject
Project("{9A19103F-16F7-4668-BE54-9A1E7A4F7556}") = "U2.Tests.Common", "U2Suite\U2.Tests.Common\U2.Tests.Common.csproj", "{BA5EEAA3-47C7-4DD5-8B6A-B86F7D654712}"
EndProject
Project("{2150E333-8FDC-42A3-9474-1A3956D46DE8}") = "Logger", "Logger", "{B32E844E-1D71-43DE-B934-C8562413DDEC}"
EndProject
Project("{2150E333-8FDC-42A3-9474-1A3956D46DE8}") = "Library", "Library", "{EAD8DE11-EEF1-411E-BBE1-9EEC6DC1721E}"
EndProject
Project("{2150E333-8FDC-42A3-9474-1A3956D46DE8}") = "Suite", "Suite", "{5AA52E0B-F852-48B1-B3F1-3058053A3C77}"
EndProject
Project("{2150E333-8FDC-42A3-9474-1A3956D46DE8}") = "Documentation", "Documentation", "{7B67A45A-7517-43AC-B62A-D5543A3352B5}"
EndProject
Project("{FAE04EC0-301F-11D3-BF4B-00C04F79EFBC}") = "U2.LoggerSvc.Api", "U2.Logger\U2.Logger.Api\U2.LoggerSvc.Api.csproj", "{B40B2610-32AE-4A19-8D61-E88FB4365AE6}"
EndProject
Project("{FAE04EC0-301F-11D3-BF4B-00C04F79EFBC}") = "U2.LoggerSvc.Tests", "U2.LoggerSvc.Tests\U2.LoggerSvc.Tests.csproj", "{EF68EC78-08D4-4D72-A607-5C60E07FD021}"
EndProject
Project("{FAE04EC0-301F-11D3-BF4B-00C04F79EFBC}") = "U2.LoggerSvc.RestApiClient", "U2.LoggerSvc.RestApiClient\U2.LoggerSvc.RestApiClient.csproj", "{25D4122E-50C2-4666-A5A4-ADBBAC522C1E}"
EndProject
Project("{FAE04EC0-301F-11D3-BF4B-00C04F79EFBC}") = "U2.LoggerSvc.ApiTypes", "U2.LoggerSvc.ApiTypes\U2.LoggerSvc.ApiTypes.csproj", "{C4246DD4-135E-4F15-B31E-2CCA31991538}"
EndProject
Project("{2150E333-8FDC-42A3-9474-1A3956D46DE8}") = "U2.Suite", "U2.Suite", "{6A63046E-ED04-4B9D-B834-D435F8BAABD2}"
	ProjectSection(SolutionItems) = preProject
		..\Documentation\U2.Suite\ReadMe.md = ..\Documentation\U2.Suite\ReadMe.md
	EndProjectSection
EndProject
Project("{2150E333-8FDC-42A3-9474-1A3956D46DE8}") = "U2.Logger", "U2.Logger", "{C243DCBE-AFE4-49F0-BDF4-3BF83C92C145}"
	ProjectSection(SolutionItems) = preProject
		..\Documentation\U2.Logger\ReadMe.md = ..\Documentation\U2.Logger\ReadMe.md
	EndProjectSection
EndProject
Global
	GlobalSection(SolutionConfigurationPlatforms) = preSolution
		Debug|Any CPU = Debug|Any CPU
		Release|Any CPU = Release|Any CPU
	EndGlobalSection
	GlobalSection(ProjectConfigurationPlatforms) = postSolution
		{A7CDA8DB-B1E4-4EFE-A4FA-D04E5518CC42}.Debug|Any CPU.ActiveCfg = Debug|Any CPU
		{A7CDA8DB-B1E4-4EFE-A4FA-D04E5518CC42}.Debug|Any CPU.Build.0 = Debug|Any CPU
		{A7CDA8DB-B1E4-4EFE-A4FA-D04E5518CC42}.Release|Any CPU.ActiveCfg = Release|Any CPU
		{A7CDA8DB-B1E4-4EFE-A4FA-D04E5518CC42}.Release|Any CPU.Build.0 = Release|Any CPU
		{BBB36511-D480-4026-A6AE-76EC906663D5}.Debug|Any CPU.ActiveCfg = Debug|Any CPU
		{BBB36511-D480-4026-A6AE-76EC906663D5}.Debug|Any CPU.Build.0 = Debug|Any CPU
		{BBB36511-D480-4026-A6AE-76EC906663D5}.Release|Any CPU.ActiveCfg = Release|Any CPU
		{BBB36511-D480-4026-A6AE-76EC906663D5}.Release|Any CPU.Build.0 = Release|Any CPU
		{F6ADFFCB-DC0E-413A-868C-015B91FF460F}.Debug|Any CPU.ActiveCfg = Debug|Any CPU
		{F6ADFFCB-DC0E-413A-868C-015B91FF460F}.Debug|Any CPU.Build.0 = Debug|Any CPU
		{F6ADFFCB-DC0E-413A-868C-015B91FF460F}.Release|Any CPU.ActiveCfg = Release|Any CPU
		{F6ADFFCB-DC0E-413A-868C-015B91FF460F}.Release|Any CPU.Build.0 = Release|Any CPU
		{5D03D1E9-01C0-41EF-9DDD-C311EB582874}.Debug|Any CPU.ActiveCfg = Debug|Any CPU
		{5D03D1E9-01C0-41EF-9DDD-C311EB582874}.Debug|Any CPU.Build.0 = Debug|Any CPU
		{5D03D1E9-01C0-41EF-9DDD-C311EB582874}.Release|Any CPU.ActiveCfg = Release|Any CPU
		{5D03D1E9-01C0-41EF-9DDD-C311EB582874}.Release|Any CPU.Build.0 = Release|Any CPU
		{BA5EEAA3-47C7-4DD5-8B6A-B86F7D654712}.Debug|Any CPU.ActiveCfg = Debug|Any CPU
		{BA5EEAA3-47C7-4DD5-8B6A-B86F7D654712}.Debug|Any CPU.Build.0 = Debug|Any CPU
		{BA5EEAA3-47C7-4DD5-8B6A-B86F7D654712}.Release|Any CPU.ActiveCfg = Release|Any CPU
		{BA5EEAA3-47C7-4DD5-8B6A-B86F7D654712}.Release|Any CPU.Build.0 = Release|Any CPU
		{B40B2610-32AE-4A19-8D61-E88FB4365AE6}.Debug|Any CPU.ActiveCfg = Debug|Any CPU
		{B40B2610-32AE-4A19-8D61-E88FB4365AE6}.Debug|Any CPU.Build.0 = Debug|Any CPU
		{B40B2610-32AE-4A19-8D61-E88FB4365AE6}.Release|Any CPU.ActiveCfg = Release|Any CPU
		{B40B2610-32AE-4A19-8D61-E88FB4365AE6}.Release|Any CPU.Build.0 = Release|Any CPU
		{EF68EC78-08D4-4D72-A607-5C60E07FD021}.Debug|Any CPU.ActiveCfg = Debug|Any CPU
		{EF68EC78-08D4-4D72-A607-5C60E07FD021}.Debug|Any CPU.Build.0 = Debug|Any CPU
		{EF68EC78-08D4-4D72-A607-5C60E07FD021}.Release|Any CPU.ActiveCfg = Release|Any CPU
		{EF68EC78-08D4-4D72-A607-5C60E07FD021}.Release|Any CPU.Build.0 = Release|Any CPU
		{25D4122E-50C2-4666-A5A4-ADBBAC522C1E}.Debug|Any CPU.ActiveCfg = Debug|Any CPU
		{25D4122E-50C2-4666-A5A4-ADBBAC522C1E}.Debug|Any CPU.Build.0 = Debug|Any CPU
		{25D4122E-50C2-4666-A5A4-ADBBAC522C1E}.Release|Any CPU.ActiveCfg = Release|Any CPU
		{25D4122E-50C2-4666-A5A4-ADBBAC522C1E}.Release|Any CPU.Build.0 = Release|Any CPU
		{C4246DD4-135E-4F15-B31E-2CCA31991538}.Debug|Any CPU.ActiveCfg = Debug|Any CPU
		{C4246DD4-135E-4F15-B31E-2CCA31991538}.Debug|Any CPU.Build.0 = Debug|Any CPU
		{C4246DD4-135E-4F15-B31E-2CCA31991538}.Release|Any CPU.ActiveCfg = Release|Any CPU
		{C4246DD4-135E-4F15-B31E-2CCA31991538}.Release|Any CPU.Build.0 = Release|Any CPU
	EndGlobalSection
	GlobalSection(SolutionProperties) = preSolution
		HideSolutionNode = FALSE
	EndGlobalSection
	GlobalSection(NestedProjects) = preSolution
		{A7CDA8DB-B1E4-4EFE-A4FA-D04E5518CC42} = {E0104E5F-6C0E-4CA5-BA0E-37B2B3CC13D6}
		{BBB36511-D480-4026-A6AE-76EC906663D5} = {E0104E5F-6C0E-4CA5-BA0E-37B2B3CC13D6}
		{F6ADFFCB-DC0E-413A-868C-015B91FF460F} = {E0104E5F-6C0E-4CA5-BA0E-37B2B3CC13D6}
		{5D03D1E9-01C0-41EF-9DDD-C311EB582874} = {E0104E5F-6C0E-4CA5-BA0E-37B2B3CC13D6}
		{BA5EEAA3-47C7-4DD5-8B6A-B86F7D654712} = {F143727F-0A40-4750-BBA0-D84D5A502A43}
		{B32E844E-1D71-43DE-B934-C8562413DDEC} = {2D0CB1BE-6DF0-46C8-96AD-4F67892F1BE7}
		{EAD8DE11-EEF1-411E-BBE1-9EEC6DC1721E} = {2D0CB1BE-6DF0-46C8-96AD-4F67892F1BE7}
		{5AA52E0B-F852-48B1-B3F1-3058053A3C77} = {2D0CB1BE-6DF0-46C8-96AD-4F67892F1BE7}
		{B40B2610-32AE-4A19-8D61-E88FB4365AE6} = {B32E844E-1D71-43DE-B934-C8562413DDEC}
		{EF68EC78-08D4-4D72-A607-5C60E07FD021} = {B32E844E-1D71-43DE-B934-C8562413DDEC}
		{25D4122E-50C2-4666-A5A4-ADBBAC522C1E} = {B32E844E-1D71-43DE-B934-C8562413DDEC}
		{C4246DD4-135E-4F15-B31E-2CCA31991538} = {B32E844E-1D71-43DE-B934-C8562413DDEC}
		{6A63046E-ED04-4B9D-B834-D435F8BAABD2} = {7B67A45A-7517-43AC-B62A-D5543A3352B5}
		{C243DCBE-AFE4-49F0-BDF4-3BF83C92C145} = {7B67A45A-7517-43AC-B62A-D5543A3352B5}
	EndGlobalSection
	GlobalSection(ExtensibilityGlobals) = postSolution
		SolutionGuid = {E8720C83-17E2-4C14-AFA9-CAAD4F71F4D6}
	EndGlobalSection
EndGlobal
